
Microsoft Visual Studio Solution File, Format Version 12.00
# Visual Studio Version 17
VisualStudioVersion = 17.6.33417.168
MinimumVisualStudioVersion = 10.0.40219.1
Project("{9A19103F-16F7-4668-BE54-9A1E7A4F7556}") = "Backend", "Backend\Backend.csproj", "{3F7A2D74-CA11-4B3F-9C64-F7911A8BB5CC}"
EndProject
Global
	GlobalSection(SolutionConfigurationPlatforms) = preSolution
		Debug|Any CPU = Debug|Any CPU
		Release|Any CPU = Release|Any CPU
	EndGlobalSection
	GlobalSection(ProjectConfigurationPlatforms) = postSolution
		{3F7A2D74-CA11-4B3F-9C64-F7911A8BB5CC}.Debug|Any CPU.ActiveCfg = Debug|Any CPU
		{3F7A2D74-CA11-4B3F-9C64-F7911A8BB5CC}.Debug|Any CPU.Build.0 = Debug|Any CPU
		{3F7A2D74-CA11-4B3F-9C64-F7911A8BB5CC}.Release|Any CPU.ActiveCfg = Release|Any CPU
		{3F7A2D74-CA11-4B3F-9C64-F7911A8BB5CC}.Release|Any CPU.Build.0 = Release|Any CPU
	EndGlobalSection
	GlobalSection(SolutionProperties) = preSolution
		HideSolutionNode = FALSE
	EndGlobalSection
	GlobalSection(ExtensibilityGlobals) = postSolution
		SolutionGuid = {2DCFD42E-3A85-47C1-9EBD-08330DF6B772}
	EndGlobalSection
EndGlobal
